<?xml version="1.0" encoding="utf-8"?>
<Project ToolsVersion="4.0" xmlns="http://schemas.microsoft.com/developer/msbuild/2003">
  <ItemGroup>
    <ClCompile Include="goap\ActionTest.cpp">
      <Filter>goap</Filter>
    </ClCompile>
    <ClCompile Include="goap\AgentTest.cpp">
      <Filter>goap</Filter>
    </ClCompile>
    <ClCompile Include="$(MSBuildThisFileDirectory)..\..\lib\native\src\gtest\gtest-all.cc" />
    <ClCompile Include="$(MSBuildThisFileDirectory)..\..\lib\native\src\gmock\gmock-all.cc" />
    <ClCompile Include="pchTest.cpp" />
    <ClCompile Include="..\NGenius\packages\gmock.1.10.0\lib\native\src\gtest\src\gtest_main.cc" />
    <ClCompile Include="goap\GoToGoalTest.cpp">
      <Filter>goap</Filter>
    </ClCompile>
    <ClCompile Include="goap\DirectPlannerTest.cpp">
      <Filter>goap</Filter>
    </ClCompile>
    <ClCompile Include="goap\TreePlannerTest.cpp">
      <Filter>goap</Filter>
    </ClCompile>
    <ClCompile Include="goap\PredicatesHandlerTest.cpp">
      <Filter>goap</Filter>
    </ClCompile>
    <ClCompile Include="goap\SensorySystemTest.cpp">
      <Filter>goap</Filter>
    </ClCompile>
  </ItemGroup>
  <ItemGroup>
    <None Include="packages.config" />
  </ItemGroup>
  <ItemGroup>
    <Filter Include="goap">
      <UniqueIdentifier>{593522ff-5a2f-4f35-af5c-632d8ef0a2a7}</UniqueIdentifier>
    </Filter>
  </ItemGroup>
  <ItemGroup>
    <ClInclude Include="pchTest.h" />
  </ItemGroup>
</Project>